
Microsoft Visual Studio Solution File, Format Version 12.00
# Visual Studio Version 17
VisualStudioVersion = 17.14.36705.20
MinimumVisualStudioVersion = 10.0.40219.1
Project("{FAE04EC0-301F-11D3-BF4B-00C04F79EFBC}") = "RE4MEAcvTool", "RE4MEAcvTool\RE4MEAcvTool.csproj", "{CC00EF96-4F3C-49EA-8942-2B87C4952239}"
EndProject
Project("{FAE04EC0-301F-11D3-BF4B-00C04F79EFBC}") = "RE4MEMisTextTool", "RE4MEMisTextTool\RE4MEMisTextTool.csproj", "{C1C533A5-4B1A-4872-BBE8-DDF2356AAB24}"
EndProject
Global
	GlobalSection(SolutionConfigurationPlatforms) = preSolution
		Debug|Any CPU = Debug|Any CPU
		Release|Any CPU = Release|Any CPU
	EndGlobalSection
	GlobalSection(ProjectConfigurationPlatforms) = postSolution
		{CC00EF96-4F3C-49EA-8942-2B87C4952239}.Debug|Any CPU.ActiveCfg = Debug|Any CPU
		{CC00EF96-4F3C-49EA-8942-2B87C4952239}.Debug|Any CPU.Build.0 = Debug|Any CPU
		{CC00EF96-4F3C-49EA-8942-2B87C4952239}.Release|Any CPU.ActiveCfg = Release|Any CPU
		{CC00EF96-4F3C-49EA-8942-2B87C4952239}.Release|Any CPU.Build.0 = Release|Any CPU
		{C1C533A5-4B1A-4872-BBE8-DDF2356AAB24}.Debug|Any CPU.ActiveCfg = Debug|Any CPU
		{C1C533A5-4B1A-4872-BBE8-DDF2356AAB24}.Debug|Any CPU.Build.0 = Debug|Any CPU
		{C1C533A5-4B1A-4872-BBE8-DDF2356AAB24}.Release|Any CPU.ActiveCfg = Release|Any CPU
		{C1C533A5-4B1A-4872-BBE8-DDF2356AAB24}.Release|Any CPU.Build.0 = Release|Any CPU
	EndGlobalSection
	GlobalSection(SolutionProperties) = preSolution
		HideSolutionNode = FALSE
	EndGlobalSection
	GlobalSection(ExtensibilityGlobals) = postSolution
		SolutionGuid = {DBD2FC8D-09FD-4302-BD48-65451FE60BFA}
	EndGlobalSection
EndGlobal
